
Microsoft Visual Studio Solution File, Format Version 12.00
# Visual Studio Version 16
VisualStudioVersion = 25.0.1706.12
MinimumVisualStudioVersion = 10.0.40219.1
Project("{FAE04EC0-301F-11D3-BF4B-00C04F79EFBC}") = "GitUtility", "GitUtility\GitUtility.csproj", "{C47EBF73-6AD6-4227-A78C-AA952107EBB5}"
EndProject
Global
	GlobalSection(SolutionConfigurationPlatforms) = preSolution
		Debug|Any CPU = Debug|Any CPU
		Release|Any CPU = Release|Any CPU
	EndGlobalSection
	GlobalSection(ProjectConfigurationPlatforms) = postSolution
		{C47EBF73-6AD6-4227-A78C-AA952107EBB5}.Debug|Any CPU.ActiveCfg = Debug|Any CPU
		{C47EBF73-6AD6-4227-A78C-AA952107EBB5}.Debug|Any CPU.Build.0 = Debug|Any CPU
		{C47EBF73-6AD6-4227-A78C-AA952107EBB5}.Release|Any CPU.ActiveCfg = Release|Any CPU
		{C47EBF73-6AD6-4227-A78C-AA952107EBB5}.Release|Any CPU.Build.0 = Release|Any CPU
	EndGlobalSection
	GlobalSection(SolutionProperties) = preSolution
		HideSolutionNode = FALSE
	EndGlobalSection
	GlobalSection(ExtensibilityGlobals) = postSolution
		SolutionGuid = {1795C38F-6A9A-495A-B805-539BD53CE5F7}
	EndGlobalSection
EndGlobal
